
Microsoft Visual Studio Solution File, Format Version 12.00
# Visual Studio Version 17
VisualStudioVersion = 17.8.34525.116
MinimumVisualStudioVersion = 10.0.40219.1
Project("{9A19103F-16F7-4668-BE54-9A1E7A4F7556}") = "MazeEscape.WebAPI", "MazeEscape.WebAPI\MazeEscape.WebAPI.csproj", "{97E2C63A-EAE7-4407-BBB3-72F73FF59AB1}"
EndProject
Project("{9A19103F-16F7-4668-BE54-9A1E7A4F7556}") = "MazeEscape.WebAPI.IntegrationTests", "MazeEscape.WebAPI.IntegrationTests\MazeEscape.WebAPI.IntegrationTests.csproj", "{F2625BA3-4900-4C0A-94D0-254E9B70FD6E}"
EndProject
Project("{9A19103F-16F7-4668-BE54-9A1E7A4F7556}") = "MazeEscape.Engine", "MazeEscape.Engine\MazeEscape.Engine.csproj", "{B1F6DD7C-201B-46B8-9C52-7C0A7B46B154}"
EndProject
Project("{9A19103F-16F7-4668-BE54-9A1E7A4F7556}") = "MazeEscape.Encoder", "MazeEscape.Encoder\MazeEscape.Encoder.csproj", "{2783CD02-C4E0-4C0C-A6EC-565B1B573BA6}"
EndProject
Project("{2150E333-8FDC-42A3-9474-1A3956D46DE8}") = "Presets", "Presets", "{E3837106-94CC-47AF-A2C5-76450A938452}"
	ProjectSection(SolutionItems) = preProject
		Presets\minmaze.txt = Presets\minmaze.txt
		Presets\spiral.txt = Presets\spiral.txt
	EndProjectSection
EndProject
Project("{2150E333-8FDC-42A3-9474-1A3956D46DE8}") = "Tests", "Tests", "{58D078E4-0B7B-4287-9FB6-0BAE74F23BE0}"
EndProject
Project("{9A19103F-16F7-4668-BE54-9A1E7A4F7556}") = "MazeEscape.TestClient", "MazeEscape.TestClient\MazeEscape.TestClient.csproj", "{B062451C-7D12-45CA-91AB-AF22975FDF7B}"
EndProject
Project("{2150E333-8FDC-42A3-9474-1A3956D46DE8}") = "Clients", "Clients", "{5CD75DBD-B233-4CD7-9D80-7843E52791FE}"
EndProject
Project("{9A19103F-16F7-4668-BE54-9A1E7A4F7556}") = "MazeEscape.Model", "MazeEscape.Model\MazeEscape.Model.csproj", "{CD3C902A-A75A-4717-813A-D85709C435AB}"
EndProject
Project("{9A19103F-16F7-4668-BE54-9A1E7A4F7556}") = "MazeEscape.Generator", "MazeEscape.Generator\MazeEscape.Generator.csproj", "{74B60763-358F-4CE4-B771-AFE31C2D81F3}"
EndProject
Project("{9A19103F-16F7-4668-BE54-9A1E7A4F7556}") = "MazeEscape.Tests", "MazeEscape.Tests\MazeEscape.Tests.csproj", "{D9593BF9-F43E-4C7A-BC5A-A498928ACA21}"
EndProject
Project("{FAE04EC0-301F-11D3-BF4B-00C04F79EFBC}") = "MazeEscape.GeneratorDemo", "MazeEscape.GeneratorDemo\MazeEscape.GeneratorDemo.csproj", "{6025DC9B-104B-4EE1-B645-B96620AF5418}"
EndProject
Global
	GlobalSection(SolutionConfigurationPlatforms) = preSolution
		Debug|Any CPU = Debug|Any CPU
		Release|Any CPU = Release|Any CPU
	EndGlobalSection
	GlobalSection(ProjectConfigurationPlatforms) = postSolution
		{97E2C63A-EAE7-4407-BBB3-72F73FF59AB1}.Debug|Any CPU.ActiveCfg = Debug|Any CPU
		{97E2C63A-EAE7-4407-BBB3-72F73FF59AB1}.Debug|Any CPU.Build.0 = Debug|Any CPU
		{97E2C63A-EAE7-4407-BBB3-72F73FF59AB1}.Release|Any CPU.ActiveCfg = Release|Any CPU
		{97E2C63A-EAE7-4407-BBB3-72F73FF59AB1}.Release|Any CPU.Build.0 = Release|Any CPU
		{F2625BA3-4900-4C0A-94D0-254E9B70FD6E}.Debug|Any CPU.ActiveCfg = Debug|Any CPU
		{F2625BA3-4900-4C0A-94D0-254E9B70FD6E}.Debug|Any CPU.Build.0 = Debug|Any CPU
		{F2625BA3-4900-4C0A-94D0-254E9B70FD6E}.Release|Any CPU.ActiveCfg = Release|Any CPU
		{F2625BA3-4900-4C0A-94D0-254E9B70FD6E}.Release|Any CPU.Build.0 = Release|Any CPU
		{B1F6DD7C-201B-46B8-9C52-7C0A7B46B154}.Debug|Any CPU.ActiveCfg = Debug|Any CPU
		{B1F6DD7C-201B-46B8-9C52-7C0A7B46B154}.Debug|Any CPU.Build.0 = Debug|Any CPU
		{B1F6DD7C-201B-46B8-9C52-7C0A7B46B154}.Release|Any CPU.ActiveCfg = Release|Any CPU
		{B1F6DD7C-201B-46B8-9C52-7C0A7B46B154}.Release|Any CPU.Build.0 = Release|Any CPU
		{2783CD02-C4E0-4C0C-A6EC-565B1B573BA6}.Debug|Any CPU.ActiveCfg = Debug|Any CPU
		{2783CD02-C4E0-4C0C-A6EC-565B1B573BA6}.Debug|Any CPU.Build.0 = Debug|Any CPU
		{2783CD02-C4E0-4C0C-A6EC-565B1B573BA6}.Release|Any CPU.ActiveCfg = Release|Any CPU
		{2783CD02-C4E0-4C0C-A6EC-565B1B573BA6}.Release|Any CPU.Build.0 = Release|Any CPU
		{B062451C-7D12-45CA-91AB-AF22975FDF7B}.Debug|Any CPU.ActiveCfg = Debug|Any CPU
		{B062451C-7D12-45CA-91AB-AF22975FDF7B}.Debug|Any CPU.Build.0 = Debug|Any CPU
		{B062451C-7D12-45CA-91AB-AF22975FDF7B}.Release|Any CPU.ActiveCfg = Release|Any CPU
		{B062451C-7D12-45CA-91AB-AF22975FDF7B}.Release|Any CPU.Build.0 = Release|Any CPU
		{CD3C902A-A75A-4717-813A-D85709C435AB}.Debug|Any CPU.ActiveCfg = Debug|Any CPU
		{CD3C902A-A75A-4717-813A-D85709C435AB}.Debug|Any CPU.Build.0 = Debug|Any CPU
		{CD3C902A-A75A-4717-813A-D85709C435AB}.Release|Any CPU.ActiveCfg = Release|Any CPU
		{CD3C902A-A75A-4717-813A-D85709C435AB}.Release|Any CPU.Build.0 = Release|Any CPU
		{74B60763-358F-4CE4-B771-AFE31C2D81F3}.Debug|Any CPU.ActiveCfg = Debug|Any CPU
		{74B60763-358F-4CE4-B771-AFE31C2D81F3}.Debug|Any CPU.Build.0 = Debug|Any CPU
		{74B60763-358F-4CE4-B771-AFE31C2D81F3}.Release|Any CPU.ActiveCfg = Release|Any CPU
		{74B60763-358F-4CE4-B771-AFE31C2D81F3}.Release|Any CPU.Build.0 = Release|Any CPU
		{D9593BF9-F43E-4C7A-BC5A-A498928ACA21}.Debug|Any CPU.ActiveCfg = Debug|Any CPU
		{D9593BF9-F43E-4C7A-BC5A-A498928ACA21}.Debug|Any CPU.Build.0 = Debug|Any CPU
		{D9593BF9-F43E-4C7A-BC5A-A498928ACA21}.Release|Any CPU.ActiveCfg = Release|Any CPU
		{D9593BF9-F43E-4C7A-BC5A-A498928ACA21}.Release|Any CPU.Build.0 = Release|Any CPU
		{6025DC9B-104B-4EE1-B645-B96620AF5418}.Debug|Any CPU.ActiveCfg = Debug|Any CPU
		{6025DC9B-104B-4EE1-B645-B96620AF5418}.Debug|Any CPU.Build.0 = Debug|Any CPU
		{6025DC9B-104B-4EE1-B645-B96620AF5418}.Release|Any CPU.ActiveCfg = Release|Any CPU
		{6025DC9B-104B-4EE1-B645-B96620AF5418}.Release|Any CPU.Build.0 = Release|Any CPU
	EndGlobalSection
	GlobalSection(SolutionProperties) = preSolution
		HideSolutionNode = FALSE
	EndGlobalSection
	GlobalSection(NestedProjects) = preSolution
		{F2625BA3-4900-4C0A-94D0-254E9B70FD6E} = {58D078E4-0B7B-4287-9FB6-0BAE74F23BE0}
		{B062451C-7D12-45CA-91AB-AF22975FDF7B} = {5CD75DBD-B233-4CD7-9D80-7843E52791FE}
		{D9593BF9-F43E-4C7A-BC5A-A498928ACA21} = {58D078E4-0B7B-4287-9FB6-0BAE74F23BE0}
		{6025DC9B-104B-4EE1-B645-B96620AF5418} = {5CD75DBD-B233-4CD7-9D80-7843E52791FE}
	EndGlobalSection
	GlobalSection(ExtensibilityGlobals) = postSolution
		SolutionGuid = {2E00404C-4B95-41B3-A63B-173814AF1EE1}
	EndGlobalSection
EndGlobal
